
Microsoft Visual Studio Solution File, Format Version 12.00
# Visual Studio Version 17
VisualStudioVersion = 17.13.35825.156
MinimumVisualStudioVersion = 10.0.40219.1
Project("{FAE04EC0-301F-11D3-BF4B-00C04F79EFBC}") = "Psotify.DataModel", "Psotify.DataModel\Psotify.DataModel.csproj", "{F029A4FE-77D1-4879-876C-0EAA52DE087E}"
EndProject
Project("{FAE04EC0-301F-11D3-BF4B-00C04F79EFBC}") = "Psotify.Console", "Psotify.Console\Psotify.Console.csproj", "{A99816C0-F1F0-418E-AF48-4A35373C8636}"
EndProject
Global
	GlobalSection(SolutionConfigurationPlatforms) = preSolution
		Debug|Any CPU = Debug|Any CPU
		Release|Any CPU = Release|Any CPU
	EndGlobalSection
	GlobalSection(ProjectConfigurationPlatforms) = postSolution
		{F029A4FE-77D1-4879-876C-0EAA52DE087E}.Debug|Any CPU.ActiveCfg = Debug|Any CPU
		{F029A4FE-77D1-4879-876C-0EAA52DE087E}.Debug|Any CPU.Build.0 = Debug|Any CPU
		{F029A4FE-77D1-4879-876C-0EAA52DE087E}.Release|Any CPU.ActiveCfg = Release|Any CPU
		{F029A4FE-77D1-4879-876C-0EAA52DE087E}.Release|Any CPU.Build.0 = Release|Any CPU
		{A99816C0-F1F0-418E-AF48-4A35373C8636}.Debug|Any CPU.ActiveCfg = Debug|Any CPU
		{A99816C0-F1F0-418E-AF48-4A35373C8636}.Debug|Any CPU.Build.0 = Debug|Any CPU
		{A99816C0-F1F0-418E-AF48-4A35373C8636}.Release|Any CPU.ActiveCfg = Release|Any CPU
		{A99816C0-F1F0-418E-AF48-4A35373C8636}.Release|Any CPU.Build.0 = Release|Any CPU
	EndGlobalSection
	GlobalSection(SolutionProperties) = preSolution
		HideSolutionNode = FALSE
	EndGlobalSection
	GlobalSection(ExtensibilityGlobals) = postSolution
		SolutionGuid = {B50E5B48-80DB-4C51-811C-33801A4ED10D}
	EndGlobalSection
EndGlobal
